{
  "name": "d365types-clone",
  "version": "3.0.0",
  "lockfileVersion": 3,
  "requires": true,
  "packages": {
    "": {
      "name": "d365types",
      "version": "1.1.0",
      "license": "ISC",
      "devDependencies": {
        "@types/xrm": "^9.0.81"
      }
    },
    "node_modules/@types/xrm": {
      "version": "9.0.81",
      "resolved": "https://registry.npmjs.org/@types/xrm/-/xrm-9.0.81.tgz",
      "integrity": "sha512-j28lJfCH86yQhtA1ZmY5cPjk7w1cliGlamoXMOOD8pkLITXqAH3tUngom+n+D9jkqefSaDeNhK5a5EHbuvrrMA==",
      "dev": true,
      "license": "MIT"
    }
  }
}
